# @generated by Move, please check-in and do not edit manually.

[move]
version = 3
manifest_digest = "45C06DFD60A05A563DBA398A9255D7BD23839C2881976794394DBF4D809FB803"
deps_digest = "F8BBB0CCB2491CA29A3DF03D6F92277A4F3574266507ACD77214D37ECA3F3082"
dependencies = [
  { id = "Sui", name = "Sui" },
]

[[move.package]]
id = "MoveStdlib"
source = { git = "https://github.com/MystenLabs/sui.git", rev = "framework/testnet", subdir = "crates/sui-framework/packages/move-stdlib" }

[[move.package]]
id = "Sui"
source = { git = "https://github.com/MystenLabs/sui.git", rev = "framework/testnet", subdir = "crates/sui-framework/packages/sui-framework" }

dependencies = [
  { id = "MoveStdlib", name = "MoveStdlib" },
]

[move.toolchain-version]
compiler-version = "1.59.0"
edition = "2024"
flavor = "sui"

[env]

[env.devnet]
chain-id = "4e8248fb"
original-published-id = "0xda82b55849e225c4457c1e0ab02050c2698e7ef11567d46d773d7f5600ecc3c6"
latest-published-id = "0xda82b55849e225c4457c1e0ab02050c2698e7ef11567d46d773d7f5600ecc3c6"
published-version = "1"
