# @generated by Move, please check-in and do not edit manually.

[move]
version = 3
manifest_digest = "2CD51FF6839E653EA4CF371FEF77D4806058A7EA0A68EA48D32E9C828B7A1227"
deps_digest = "F8BBB0CCB2491CA29A3DF03D6F92277A4F3574266507ACD77214D37ECA3F3082"
dependencies = [
  { id = "Sui", name = "Sui" },
]

[[move.package]]
id = "MoveStdlib"
source = { git = "https://github.com/MystenLabs/sui.git", rev = "framework/testnet", subdir = "crates/sui-framework/packages/move-stdlib" }

[[move.package]]
id = "Sui"
source = { git = "https://github.com/MystenLabs/sui.git", rev = "framework/testnet", subdir = "crates/sui-framework/packages/sui-framework" }

dependencies = [
  { id = "MoveStdlib", name = "MoveStdlib" },
]

[move.toolchain-version]
compiler-version = "1.59.0"
edition = "2024.beta"
flavor = "sui"

[env]

[env.devnet]
chain-id = "4e8248fb"
original-published-id = "0x99961ed06ee6dc916a607a69c7ad5a0bfff0f914d77a952e925060c517958fa5"
latest-published-id = "0x99961ed06ee6dc916a607a69c7ad5a0bfff0f914d77a952e925060c517958fa5"
published-version = "1"
