# @generated by Move, please check-in and do not edit manually.

[move]
version = 3
manifest_digest = "9CD09F2EDA25BB3D0558A782DD521E86B9C21DE5C42D0572A00838869D23A843"
deps_digest = "F8BBB0CCB2491CA29A3DF03D6F92277A4F3574266507ACD77214D37ECA3F3082"
dependencies = [
  { id = "Sui", name = "Sui" },
]

[[move.package]]
id = "MoveStdlib"
source = { git = "https://github.com/MystenLabs/sui.git", rev = "framework/testnet", subdir = "crates/sui-framework/packages/move-stdlib" }

[[move.package]]
id = "Sui"
source = { git = "https://github.com/MystenLabs/sui.git", rev = "framework/testnet", subdir = "crates/sui-framework/packages/sui-framework" }

dependencies = [
  { id = "MoveStdlib", name = "MoveStdlib" },
]

[move.toolchain-version]
compiler-version = "1.59.0"
edition = "2024.beta"
flavor = "sui"

[env]

[env.devnet]
chain-id = "cffbbc89"
original-published-id = "0xbb37dff8691a336889f1f47c7fe525760f5360868b92fb3bdfed6da9138dacb5"
latest-published-id = "0xbb37dff8691a336889f1f47c7fe525760f5360868b92fb3bdfed6da9138dacb5"
published-version = "1"
