# @generated by Move, please check-in and do not edit manually.

[move]
version = 3
manifest_digest = "122ED86D98A208FB064C40A0780311701E12DD83269E1B5441CF0AA5FB548B6F"
deps_digest = "CB99E3BEE139471F3765AE330F855F3B376156AA54F37DEDE11BBE5BB0D3BB74"
dependencies = [
  { id = "AccountActions", name = "AccountActions" },
  { id = "Bridge", name = "Bridge" },
  { id = "MoveStdlib", name = "MoveStdlib" },
  { id = "Sui", name = "Sui" },
  { id = "SuiSystem", name = "SuiSystem" },
  { id = "futarchy_core", name = "futarchy_core" },
  { id = "futarchy_markets_core", name = "futarchy_markets_core" },
  { id = "futarchy_markets_primitives", name = "futarchy_markets_primitives" },
  { id = "futarchy_one_shot_utils", name = "futarchy_one_shot_utils" },
  { id = "futarchy_types", name = "futarchy_types" },
]

[[move.package]]
id = "AccountActions"
source = { local = "../move-framework/packages/actions" }

dependencies = [
  { id = "AccountProtocol", name = "AccountProtocol" },
  { id = "Bridge", name = "Bridge" },
  { id = "MoveStdlib", name = "MoveStdlib" },
  { id = "Sui", name = "Sui" },
  { id = "SuiSystem", name = "SuiSystem" },
]

[[move.package]]
id = "AccountProtocol"
source = { local = "../move-framework/packages/protocol" }

dependencies = [
  { id = "Bridge", name = "Bridge" },
  { id = "MoveStdlib", name = "MoveStdlib" },
  { id = "Sui", name = "Sui" },
  { id = "SuiSystem", name = "SuiSystem" },
]

[[move.package]]
id = "Bridge"
source = { git = "https://github.com/MystenLabs/sui.git", rev = "61dcfdbe2ddc7ad05d27fc10cd09d4c6cc151acd", subdir = "crates/sui-framework/packages/bridge" }

dependencies = [
  { id = "MoveStdlib", name = "MoveStdlib" },
  { id = "Sui", name = "Sui" },
  { id = "SuiSystem", name = "SuiSystem" },
]

[[move.package]]
id = "MoveStdlib"
source = { git = "https://github.com/MystenLabs/sui.git", rev = "61dcfdbe2ddc7ad05d27fc10cd09d4c6cc151acd", subdir = "crates/sui-framework/packages/move-stdlib" }

[[move.package]]
id = "Sui"
source = { git = "https://github.com/MystenLabs/sui.git", rev = "61dcfdbe2ddc7ad05d27fc10cd09d4c6cc151acd", subdir = "crates/sui-framework/packages/sui-framework" }

dependencies = [
  { id = "MoveStdlib", name = "MoveStdlib" },
]

[[move.package]]
id = "SuiSystem"
source = { git = "https://github.com/MystenLabs/sui.git", rev = "61dcfdbe2ddc7ad05d27fc10cd09d4c6cc151acd", subdir = "crates/sui-framework/packages/sui-system" }

dependencies = [
  { id = "MoveStdlib", name = "MoveStdlib" },
  { id = "Sui", name = "Sui" },
]

[[move.package]]
id = "futarchy_core"
source = { local = "../futarchy_core" }

dependencies = [
  { id = "AccountActions", name = "AccountActions" },
  { id = "AccountProtocol", name = "AccountProtocol" },
  { id = "Bridge", name = "Bridge" },
  { id = "MoveStdlib", name = "MoveStdlib" },
  { id = "Sui", name = "Sui" },
  { id = "SuiSystem", name = "SuiSystem" },
  { id = "futarchy_one_shot_utils", name = "futarchy_one_shot_utils" },
  { id = "futarchy_types", name = "futarchy_types" },
]

[[move.package]]
id = "futarchy_markets_core"
source = { local = "../futarchy_markets_core" }

dependencies = [
  { id = "AccountActions", name = "AccountActions" },
  { id = "Bridge", name = "Bridge" },
  { id = "MoveStdlib", name = "MoveStdlib" },
  { id = "Sui", name = "Sui" },
  { id = "SuiSystem", name = "SuiSystem" },
  { id = "futarchy_core", name = "futarchy_core" },
  { id = "futarchy_markets_primitives", name = "futarchy_markets_primitives" },
  { id = "futarchy_one_shot_utils", name = "futarchy_one_shot_utils" },
  { id = "futarchy_types", name = "futarchy_types" },
]

[[move.package]]
id = "futarchy_markets_primitives"
source = { local = "../futarchy_markets_primitives" }

dependencies = [
  { id = "Bridge", name = "Bridge" },
  { id = "MoveStdlib", name = "MoveStdlib" },
  { id = "Sui", name = "Sui" },
  { id = "SuiSystem", name = "SuiSystem" },
  { id = "futarchy_core", name = "futarchy_core" },
  { id = "futarchy_one_shot_utils", name = "futarchy_one_shot_utils" },
  { id = "futarchy_types", name = "futarchy_types" },
]

[[move.package]]
id = "futarchy_one_shot_utils"
source = { local = "../futarchy_one_shot_utils" }

dependencies = [
  { id = "Bridge", name = "Bridge" },
  { id = "MoveStdlib", name = "MoveStdlib" },
  { id = "Sui", name = "Sui" },
  { id = "SuiSystem", name = "SuiSystem" },
]

[[move.package]]
id = "futarchy_types"
source = { local = "../futarchy_types" }

dependencies = [
  { id = "Bridge", name = "Bridge" },
  { id = "MoveStdlib", name = "MoveStdlib" },
  { id = "Sui", name = "Sui" },
  { id = "SuiSystem", name = "SuiSystem" },
]

[move.toolchain-version]
compiler-version = "1.59.0"
edition = "2024"
flavor = "sui"

[env]

[env.devnet]
chain-id = "58e278c2"
original-published-id = "0x13c5f80df4d3383311f0a26a47be2e2d35989bd6c4aef0e1531a3d766ea0a543"
latest-published-id = "0x13c5f80df4d3383311f0a26a47be2e2d35989bd6c4aef0e1531a3d766ea0a543"
published-version = "1"
