# @generated by Move, please check-in and do not edit manually.

[move]
version = 3
manifest_digest = "2B960FFF997782B83BD1F3D8ACA1C476C87F4112FFED9C10E6A7E84C0970D22B"
deps_digest = "F8BBB0CCB2491CA29A3DF03D6F92277A4F3574266507ACD77214D37ECA3F3082"
dependencies = [
  { id = "Sui", name = "Sui" },
]

[[move.package]]
id = "MoveStdlib"
source = { git = "https://github.com/MystenLabs/sui.git", rev = "framework/testnet", subdir = "crates/sui-framework/packages/move-stdlib" }

[[move.package]]
id = "Sui"
source = { git = "https://github.com/MystenLabs/sui.git", rev = "framework/testnet", subdir = "crates/sui-framework/packages/sui-framework" }

dependencies = [
  { id = "MoveStdlib", name = "MoveStdlib" },
]

[move.toolchain-version]
compiler-version = "1.59.0"
edition = "2024.beta"
flavor = "sui"

[env]

[env.devnet]
chain-id = "01d7a1c8"
original-published-id = "0xb413174c17d48ce1dc02f433dfd3bea87bf9d869d20727127abebf8a4cfd9ec5"
latest-published-id = "0xb413174c17d48ce1dc02f433dfd3bea87bf9d869d20727127abebf8a4cfd9ec5"
published-version = "1"
